
Microsoft Visual Studio Solution File, Format Version 12.00
# Visual Studio 15
VisualStudioVersion = 15.0.26730.16
MinimumVisualStudioVersion = 10.0.40219.1
Project("{FAE04EC0-301F-11D3-BF4B-00C04F79EFBC}") = "mPanel", "mPanel\mPanel.csproj", "{2010A832-A533-40A0-A57A-D02B46572130}"
EndProject
Global
	GlobalSection(SolutionConfigurationPlatforms) = preSolution
		Debug|Any CPU = Debug|Any CPU
		Release|Any CPU = Release|Any CPU
	EndGlobalSection
	GlobalSection(ProjectConfigurationPlatforms) = postSolution
		{2010A832-A533-40A0-A57A-D02B46572130}.Debug|Any CPU.ActiveCfg = Debug|Any CPU
		{2010A832-A533-40A0-A57A-D02B46572130}.Debug|Any CPU.Build.0 = Debug|Any CPU
		{2010A832-A533-40A0-A57A-D02B46572130}.Release|Any CPU.ActiveCfg = Release|Any CPU
		{2010A832-A533-40A0-A57A-D02B46572130}.Release|Any CPU.Build.0 = Release|Any CPU
	EndGlobalSection
	GlobalSection(SolutionProperties) = preSolution
		HideSolutionNode = FALSE
	EndGlobalSection
	GlobalSection(ExtensibilityGlobals) = postSolution
		SolutionGuid = {1202D975-750E-4554-938C-C4C7AFA86D77}
	EndGlobalSection
EndGlobal
